// !$*UTF8*$!
{
	archiveVersion = 1;
	classes = {
	};
	objectVersion = 46;
	objects = {

/* Begin PBXBuildFile section */
		161D3FDA1C1138C800F8CC05 /* BottomInputView.xib in Resources */ = {isa = PBXBuildFile; fileRef = 161D3FD91C1138C800F8CC05 /* BottomInputView.xib */; };
		161D3FDE1C113A1600F8CC05 /* emoji_btn_nomal@2x.png in Resources */ = {isa = PBXBuildFile; fileRef = 161D3FDB1C113A1600F8CC05 /* emoji_btn_nomal@2x.png */; };
		161D3FDF1C113A1600F8CC05 /* message_add_nomal@2x.png in Resources */ = {isa = PBXBuildFile; fileRef = 161D3FDC1C113A1600F8CC05 /* message_add_nomal@2x.png */; };
		161D3FE01C113A1600F8CC05 /* message_add_select@2x.png in Resources */ = {isa = PBXBuildFile; fileRef = 161D3FDD1C113A1600F8CC05 /* message_add_select@2x.png */; };
		161D3FE31C113D3F00F8CC05 /* BottomInputView.m in Sources */ = {isa = PBXBuildFile; fileRef = 161D3FE21C113D3F00F8CC05 /* BottomInputView.m */; };
		16AC5E491C07E9780071AC5F /* a2.jpg in Resources */ = {isa = PBXBuildFile; fileRef = 16AC5E471C07E9780071AC5F /* a2.jpg */; };
		16AC5E4A1C07E9780071AC5F /* a4.jpg in Resources */ = {isa = PBXBuildFile; fileRef = 16AC5E481C07E9780071AC5F /* a4.jpg */; };
		16D100C41BFF0C4F008391AF /* main.m in Sources */ = {isa = PBXBuildFile; fileRef = 16D100C31BFF0C4F008391AF /* main.m */; };
		16D100C71BFF0C4F008391AF /* AppDelegate.m in Sources */ = {isa = PBXBuildFile; fileRef = 16D100C61BFF0C4F008391AF /* AppDelegate.m */; };
		16D100CA1BFF0C4F008391AF /* ViewController.m in Sources */ = {isa = PBXBuildFile; fileRef = 16D100C91BFF0C4F008391AF /* ViewController.m */; };
		16D100CD1BFF0C4F008391AF /* Main.storyboard in Resources */ = {isa = PBXBuildFile; fileRef = 16D100CB1BFF0C4F008391AF /* Main.storyboard */; };
		16D100CF1BFF0C4F008391AF /* Assets.xcassets in Resources */ = {isa = PBXBuildFile; fileRef = 16D100CE1BFF0C4F008391AF /* Assets.xcassets */; };
		16D100D21BFF0C4F008391AF /* LaunchScreen.storyboard in Resources */ = {isa = PBXBuildFile; fileRef = 16D100D01BFF0C4F008391AF /* LaunchScreen.storyboard */; };
		16D100DD1BFF0C4F008391AF /* ChatMsgDemoTests.m in Sources */ = {isa = PBXBuildFile; fileRef = 16D100DC1BFF0C4F008391AF /* ChatMsgDemoTests.m */; };
		16D100E81BFF0C4F008391AF /* ChatMsgDemoUITests.m in Sources */ = {isa = PBXBuildFile; fileRef = 16D100E71BFF0C4F008391AF /* ChatMsgDemoUITests.m */; };
		16D100F91BFF0CA7008391AF /* MessageCell.m in Sources */ = {isa = PBXBuildFile; fileRef = 16D100F71BFF0CA7008391AF /* MessageCell.m */; };
		16D100FA1BFF0CA7008391AF /* MessageLeftCell.xib in Resources */ = {isa = PBXBuildFile; fileRef = 16D100F81BFF0CA7008391AF /* MessageLeftCell.xib */; };
		16D100FD1BFF0D6F008391AF /* demo_avatar_cook@2x.png in Resources */ = {isa = PBXBuildFile; fileRef = 16D100FB1BFF0D6F008391AF /* demo_avatar_cook@2x.png */; };
		16D100FE1BFF0D6F008391AF /* demo_avatar_jobs@2x.png in Resources */ = {isa = PBXBuildFile; fileRef = 16D100FC1BFF0D6F008391AF /* demo_avatar_jobs@2x.png */; };
		16D101051BFF1452008391AF /* Util.m in Sources */ = {isa = PBXBuildFile; fileRef = 16D101041BFF1452008391AF /* Util.m */; };
		16D1010F1BFF2859008391AF /* MessageRightCell.xib in Resources */ = {isa = PBXBuildFile; fileRef = 16D1010D1BFF2859008391AF /* MessageRightCell.xib */; };
		16E1ACAA1C029EF200642DC4 /* RXMLElement.m in Sources */ = {isa = PBXBuildFile; fileRef = 16E1ACA91C029EF200642DC4 /* RXMLElement.m */; };
		16E1AD061C02A09300642DC4 /* arrays.xml in Resources */ = {isa = PBXBuildFile; fileRef = 16E1ACB31C02A09300642DC4 /* arrays.xml */; };
		16E1AD071C02A09300642DC4 /* f000.png in Resources */ = {isa = PBXBuildFile; fileRef = 16E1ACB41C02A09300642DC4 /* f000.png */; };
		16E1AD081C02A09300642DC4 /* f001.png in Resources */ = {isa = PBXBuildFile; fileRef = 16E1ACB51C02A09300642DC4 /* f001.png */; };
		16E1AD091C02A09300642DC4 /* f002.png in Resources */ = {isa = PBXBuildFile; fileRef = 16E1ACB61C02A09300642DC4 /* f002.png */; };
		16E1AD0A1C02A09300642DC4 /* f003.png in Resources */ = {isa = PBXBuildFile; fileRef = 16E1ACB71C02A09300642DC4 /* f003.png */; };
		16E1AD0B1C02A09300642DC4 /* f004.png in Resources */ = {isa = PBXBuildFile; fileRef = 16E1ACB81C02A09300642DC4 /* f004.png */; };
		16E1AD0C1C02A09300642DC4 /* f005.png in Resources */ = {isa = PBXBuildFile; fileRef = 16E1ACB91C02A09300642DC4 /* f005.png */; };
		16E1AD0D1C02A09300642DC4 /* f006.png in Resources */ = {isa = PBXBuildFile; fileRef = 16E1ACBA1C02A09300642DC4 /* f006.png */; };
		16E1AD0E1C02A09300642DC4 /* f007.png in Resources */ = {isa = PBXBuildFile; fileRef = 16E1ACBB1C02A09300642DC4 /* f007.png */; };
		16E1AD0F1C02A09300642DC4 /* f008.png in Resources */ = {isa = PBXBuildFile; fileRef = 16E1ACBC1C02A09300642DC4 /* f008.png */; };
		16E1AD101C02A09300642DC4 /* f009.png in Resources */ = {isa = PBXBuildFile; fileRef = 16E1ACBD1C02A09300642DC4 /* f009.png */; };
		16E1AD111C02A09300642DC4 /* f010.png in Resources */ = {isa = PBXBuildFile; fileRef = 16E1ACBE1C02A09300642DC4 /* f010.png */; };
		16E1AD121C02A09300642DC4 /* f011.png in Resources */ = {isa = PBXBuildFile; fileRef = 16E1ACBF1C02A09300642DC4 /* f011.png */; };
		16E1AD131C02A09300642DC4 /* f012.png in Resources */ = {isa = PBXBuildFile; fileRef = 16E1ACC01C02A09300642DC4 /* f012.png */; };
		16E1AD141C02A09300642DC4 /* f013.png in Resources */ = {isa = PBXBuildFile; fileRef = 16E1ACC11C02A09300642DC4 /* f013.png */; };
		16E1AD151C02A09300642DC4 /* f014.png in Resources */ = {isa = PBXBuildFile; fileRef = 16E1ACC21C02A09300642DC4 /* f014.png */; };
		16E1AD161C02A09300642DC4 /* f015.png in Resources */ = {isa = PBXBuildFile; fileRef = 16E1ACC31C02A09300642DC4 /* f015.png */; };
		16E1AD171C02A09300642DC4 /* f016.png in Resources */ = {isa = PBXBuildFile; fileRef = 16E1ACC41C02A09300642DC4 /* f016.png */; };
		16E1AD181C02A09300642DC4 /* f017.png in Resources */ = {isa = PBXBuildFile; fileRef = 16E1ACC51C02A09300642DC4 /* f017.png */; };
		16E1AD191C02A09300642DC4 /* f018.png in Resources */ = {isa = PBXBuildFile; fileRef = 16E1ACC61C02A09300642DC4 /* f018.png */; };
		16E1AD1A1C02A09300642DC4 /* f019.png in Resources */ = {isa = PBXBuildFile; fileRef = 16E1ACC71C02A09300642DC4 /* f019.png */; };
		16E1AD1B1C02A09300642DC4 /* f020.png in Resources */ = {isa = PBXBuildFile; fileRef = 16E1ACC81C02A09300642DC4 /* f020.png */; };
		16E1AD1C1C02A09300642DC4 /* f021.png in Resources */ = {isa = PBXBuildFile; fileRef = 16E1ACC91C02A09300642DC4 /* f021.png */; };
		16E1AD1D1C02A09300642DC4 /* f022.png in Resources */ = {isa = PBXBuildFile; fileRef = 16E1ACCA1C02A09300642DC4 /* f022.png */; };
		16E1AD1E1C02A09300642DC4 /* f023.png in Resources */ = {isa = PBXBuildFile; fileRef = 16E1ACCB1C02A09300642DC4 /* f023.png */; };
		16E1AD1F1C02A09300642DC4 /* f024.png in Resources */ = {isa = PBXBuildFile; fileRef = 16E1ACCC1C02A09300642DC4 /* f024.png */; };
		16E1AD201C02A09300642DC4 /* f025.png in Resources */ = {isa = PBXBuildFile; fileRef = 16E1ACCD1C02A09300642DC4 /* f025.png */; };
		16E1AD211C02A09300642DC4 /* f026.png in Resources */ = {isa = PBXBuildFile; fileRef = 16E1ACCE1C02A09300642DC4 /* f026.png */; };
		16E1AD221C02A09300642DC4 /* f027.png in Resources */ = {isa = PBXBuildFile; fileRef = 16E1ACCF1C02A09300642DC4 /* f027.png */; };
		16E1AD231C02A09300642DC4 /* f028.png in Resources */ = {isa = PBXBuildFile; fileRef = 16E1ACD01C02A09300642DC4 /* f028.png */; };
		16E1AD241C02A09300642DC4 /* f029.png in Resources */ = {isa = PBXBuildFile; fileRef = 16E1ACD11C02A09300642DC4 /* f029.png */; };
		16E1AD251C02A09300642DC4 /* f030.png in Resources */ = {isa = PBXBuildFile; fileRef = 16E1ACD21C02A09300642DC4 /* f030.png */; };
		16E1AD261C02A09300642DC4 /* f031.png in Resources */ = {isa = PBXBuildFile; fileRef = 16E1ACD31C02A09300642DC4 /* f031.png */; };
		16E1AD271C02A09300642DC4 /* f032.png in Resources */ = {isa = PBXBuildFile; fileRef = 16E1ACD41C02A09300642DC4 /* f032.png */; };
		16E1AD281C02A09300642DC4 /* f033.png in Resources */ = {isa = PBXBuildFile; fileRef = 16E1ACD51C02A09300642DC4 /* f033.png */; };
		16E1AD291C02A09300642DC4 /* f034.png in Resources */ = {isa = PBXBuildFile; fileRef = 16E1ACD61C02A09300642DC4 /* f034.png */; };
		16E1AD2A1C02A09300642DC4 /* f035.png in Resources */ = {isa = PBXBuildFile; fileRef = 16E1ACD71C02A09300642DC4 /* f035.png */; };
		16E1AD2B1C02A09300642DC4 /* f036.png in Resources */ = {isa = PBXBuildFile; fileRef = 16E1ACD81C02A09300642DC4 /* f036.png */; };
		16E1AD2C1C02A09300642DC4 /* f037.png in Resources */ = {isa = PBXBuildFile; fileRef = 16E1ACD91C02A09300642DC4 /* f037.png */; };
		16E1AD2D1C02A09300642DC4 /* f038.png in Resources */ = {isa = PBXBuildFile; fileRef = 16E1ACDA1C02A09300642DC4 /* f038.png */; };
		16E1AD2E1C02A09300642DC4 /* f039.png in Resources */ = {isa = PBXBuildFile; fileRef = 16E1ACDB1C02A09300642DC4 /* f039.png */; };
		16E1AD2F1C02A09300642DC4 /* f040.png in Resources */ = {isa = PBXBuildFile; fileRef = 16E1ACDC1C02A09300642DC4 /* f040.png */; };
		16E1AD301C02A09300642DC4 /* f041.png in Resources */ = {isa = PBXBuildFile; fileRef = 16E1ACDD1C02A09300642DC4 /* f041.png */; };
		16E1AD311C02A09300642DC4 /* f042.png in Resources */ = {isa = PBXBuildFile; fileRef = 16E1ACDE1C02A09300642DC4 /* f042.png */; };
		16E1AD321C02A09300642DC4 /* f043.png in Resources */ = {isa = PBXBuildFile; fileRef = 16E1ACDF1C02A09300642DC4 /* f043.png */; };
		16E1AD331C02A09300642DC4 /* f044.png in Resources */ = {isa = PBXBuildFile; fileRef = 16E1ACE01C02A09300642DC4 /* f044.png */; };
		16E1AD341C02A09300642DC4 /* f045.png in Resources */ = {isa = PBXBuildFile; fileRef = 16E1ACE11C02A09300642DC4 /* f045.png */; };
		16E1AD351C02A09300642DC4 /* f046.png in Resources */ = {isa = PBXBuildFile; fileRef = 16E1ACE21C02A09300642DC4 /* f046.png */; };
		16E1AD361C02A09300642DC4 /* f047.png in Resources */ = {isa = PBXBuildFile; fileRef = 16E1ACE31C02A09300642DC4 /* f047.png */; };
		16E1AD371C02A09300642DC4 /* f048.png in Resources */ = {isa = PBXBuildFile; fileRef = 16E1ACE41C02A09300642DC4 /* f048.png */; };
		16E1AD381C02A09300642DC4 /* f049.png in Resources */ = {isa = PBXBuildFile; fileRef = 16E1ACE51C02A09300642DC4 /* f049.png */; };
		16E1AD391C02A09300642DC4 /* f050.png in Resources */ = {isa = PBXBuildFile; fileRef = 16E1ACE61C02A09300642DC4 /* f050.png */; };
		16E1AD3A1C02A09300642DC4 /* f051.png in Resources */ = {isa = PBXBuildFile; fileRef = 16E1ACE71C02A09300642DC4 /* f051.png */; };
		16E1AD3B1C02A09300642DC4 /* f052.png in Resources */ = {isa = PBXBuildFile; fileRef = 16E1ACE81C02A09300642DC4 /* f052.png */; };
		16E1AD3C1C02A09300642DC4 /* f053.png in Resources */ = {isa = PBXBuildFile; fileRef = 16E1ACE91C02A09300642DC4 /* f053.png */; };
		16E1AD3D1C02A09300642DC4 /* f054.png in Resources */ = {isa = PBXBuildFile; fileRef = 16E1ACEA1C02A09300642DC4 /* f054.png */; };
		16E1AD3E1C02A09300642DC4 /* f055.png in Resources */ = {isa = PBXBuildFile; fileRef = 16E1ACEB1C02A09300642DC4 /* f055.png */; };
		16E1AD3F1C02A09300642DC4 /* f056.png in Resources */ = {isa = PBXBuildFile; fileRef = 16E1ACEC1C02A09300642DC4 /* f056.png */; };
		16E1AD401C02A09300642DC4 /* f057.png in Resources */ = {isa = PBXBuildFile; fileRef = 16E1ACED1C02A09300642DC4 /* f057.png */; };
		16E1AD411C02A09300642DC4 /* f058.png in Resources */ = {isa = PBXBuildFile; fileRef = 16E1ACEE1C02A09300642DC4 /* f058.png */; };
		16E1AD421C02A09300642DC4 /* f059.png in Resources */ = {isa = PBXBuildFile; fileRef = 16E1ACEF1C02A09300642DC4 /* f059.png */; };
		16E1AD431C02A09300642DC4 /* f060.png in Resources */ = {isa = PBXBuildFile; fileRef = 16E1ACF01C02A09300642DC4 /* f060.png */; };
		16E1AD441C02A09300642DC4 /* f061.png in Resources */ = {isa = PBXBuildFile; fileRef = 16E1ACF11C02A09300642DC4 /* f061.png */; };
		16E1AD451C02A09300642DC4 /* f062.png in Resources */ = {isa = PBXBuildFile; fileRef = 16E1ACF21C02A09300642DC4 /* f062.png */; };
		16E1AD461C02A09300642DC4 /* f063.png in Resources */ = {isa = PBXBuildFile; fileRef = 16E1ACF31C02A09300642DC4 /* f063.png */; };
		16E1AD471C02A09300642DC4 /* f064.png in Resources */ = {isa = PBXBuildFile; fileRef = 16E1ACF41C02A09300642DC4 /* f064.png */; };
		16E1AD481C02A09300642DC4 /* f065.png in Resources */ = {isa = PBXBuildFile; fileRef = 16E1ACF51C02A09300642DC4 /* f065.png */; };
		16E1AD491C02A09300642DC4 /* f066.png in Resources */ = {isa = PBXBuildFile; fileRef = 16E1ACF61C02A09300642DC4 /* f066.png */; };
		16E1AD4A1C02A09300642DC4 /* f067.png in Resources */ = {isa = PBXBuildFile; fileRef = 16E1ACF71C02A09300642DC4 /* f067.png */; };
		16E1AD4B1C02A09300642DC4 /* f068.png in Resources */ = {isa = PBXBuildFile; fileRef = 16E1ACF81C02A09300642DC4 /* f068.png */; };
		16E1AD4C1C02A09300642DC4 /* f069.png in Resources */ = {isa = PBXBuildFile; fileRef = 16E1ACF91C02A09300642DC4 /* f069.png */; };
		16E1AD4D1C02A09300642DC4 /* f070.png in Resources */ = {isa = PBXBuildFile; fileRef = 16E1ACFA1C02A09300642DC4 /* f070.png */; };
		16E1AD4E1C02A09300642DC4 /* f071.png in Resources */ = {isa = PBXBuildFile; fileRef = 16E1ACFB1C02A09300642DC4 /* f071.png */; };
		16E1AD4F1C02A09300642DC4 /* f072.png in Resources */ = {isa = PBXBuildFile; fileRef = 16E1ACFC1C02A09300642DC4 /* f072.png */; };
		16E1AD501C02A09300642DC4 /* f073.png in Resources */ = {isa = PBXBuildFile; fileRef = 16E1ACFD1C02A09300642DC4 /* f073.png */; };
		16E1AD511C02A09300642DC4 /* f074.png in Resources */ = {isa = PBXBuildFile; fileRef = 16E1ACFE1C02A09300642DC4 /* f074.png */; };
		16E1AD521C02A09300642DC4 /* f075.png in Resources */ = {isa = PBXBuildFile; fileRef = 16E1ACFF1C02A09300642DC4 /* f075.png */; };
		16E1AD531C02A09300642DC4 /* f076.png in Resources */ = {isa = PBXBuildFile; fileRef = 16E1AD001C02A09300642DC4 /* f076.png */; };
		16E1AD541C02A09300642DC4 /* f077.png in Resources */ = {isa = PBXBuildFile; fileRef = 16E1AD011C02A09300642DC4 /* f077.png */; };
		16E1AD551C02A09300642DC4 /* f078.png in Resources */ = {isa = PBXBuildFile; fileRef = 16E1AD021C02A09300642DC4 /* f078.png */; };
		16E1AD561C02A09300642DC4 /* f079.png in Resources */ = {isa = PBXBuildFile; fileRef = 16E1AD031C02A09300642DC4 /* f079.png */; };
		16E1AD571C02A09300642DC4 /* f080.png in Resources */ = {isa = PBXBuildFile; fileRef = 16E1AD041C02A09300642DC4 /* f080.png */; };
		16E1AD581C02A09300642DC4 /* f081.png in Resources */ = {isa = PBXBuildFile; fileRef = 16E1AD051C02A09300642DC4 /* f081.png */; };
		16E1AD5A1C02A0CA00642DC4 /* libxml2.tbd in Frameworks */ = {isa = PBXBuildFile; fileRef = 16E1AD591C02A0CA00642DC4 /* libxml2.tbd */; };
		16E1AD5D1C02B8E700642DC4 /* FaceAndText.m in Sources */ = {isa = PBXBuildFile; fileRef = 16E1AD5C1C02B8E700642DC4 /* FaceAndText.m */; };
/* End PBXBuildFile section */

/* Begin PBXContainerItemProxy section */
		16D100D91BFF0C4F008391AF /* PBXContainerItemProxy */ = {
			isa = PBXContainerItemProxy;
			containerPortal = 16D100B71BFF0C4F008391AF /* Project object */;
			proxyType = 1;
			remoteGlobalIDString = 16D100BE1BFF0C4F008391AF;
			remoteInfo = ChatMsgDemo;
		};
		16D100E41BFF0C4F008391AF /* PBXContainerItemProxy */ = {
			isa = PBXContainerItemProxy;
			containerPortal = 16D100B71BFF0C4F008391AF /* Project object */;
			proxyType = 1;
			remoteGlobalIDString = 16D100BE1BFF0C4F008391AF;
			remoteInfo = ChatMsgDemo;
		};
/* End PBXContainerItemProxy section */

/* Begin PBXFileReference section */
		161D3FD91C1138C800F8CC05 /* BottomInputView.xib */ = {isa = PBXFileReference; fileEncoding = 4; lastKnownFileType = file.xib; path = BottomInputView.xib; sourceTree = "<group>"; };
		161D3FDB1C113A1600F8CC05 /* emoji_btn_nomal@2x.png */ = {isa = PBXFileReference; lastKnownFileType = image.png; path = "emoji_btn_nomal@2x.png"; sourceTree = "<group>"; };
		161D3FDC1C113A1600F8CC05 /* message_add_nomal@2x.png */ = {isa = PBXFileReference; lastKnownFileType = image.png; path = "message_add_nomal@2x.png"; sourceTree = "<group>"; };
		161D3FDD1C113A1600F8CC05 /* message_add_select@2x.png */ = {isa = PBXFileReference; lastKnownFileType = image.png; path = "message_add_select@2x.png"; sourceTree = "<group>"; };
		161D3FE11C113D3F00F8CC05 /* BottomInputView.h */ = {isa = PBXFileReference; fileEncoding = 4; lastKnownFileType = sourcecode.c.h; path = BottomInputView.h; sourceTree = "<group>"; };
		161D3FE21C113D3F00F8CC05 /* BottomInputView.m */ = {isa = PBXFileReference; fileEncoding = 4; lastKnownFileType = sourcecode.c.objc; path = BottomInputView.m; sourceTree = "<group>"; };
		16AC5E471C07E9780071AC5F /* a2.jpg */ = {isa = PBXFileReference; lastKnownFileType = image.jpeg; path = a2.jpg; sourceTree = "<group>"; };
		16AC5E481C07E9780071AC5F /* a4.jpg */ = {isa = PBXFileReference; lastKnownFileType = image.jpeg; path = a4.jpg; sourceTree = "<group>"; };
		16D100BF1BFF0C4F008391AF /* ChatMsgDemo.app */ = {isa = PBXFileReference; explicitFileType = wrapper.application; includeInIndex = 0; path = ChatMsgDemo.app; sourceTree = BUILT_PRODUCTS_DIR; };
		16D100C31BFF0C4F008391AF /* main.m */ = {isa = PBXFileReference; lastKnownFileType = sourcecode.c.objc; path = main.m; sourceTree = "<group>"; };
		16D100C51BFF0C4F008391AF /* AppDelegate.h */ = {isa = PBXFileReference; lastKnownFileType = sourcecode.c.h; path = AppDelegate.h; sourceTree = "<group>"; };
		16D100C61BFF0C4F008391AF /* AppDelegate.m */ = {isa = PBXFileReference; lastKnownFileType = sourcecode.c.objc; path = AppDelegate.m; sourceTree = "<group>"; };
		16D100C81BFF0C4F008391AF /* ViewController.h */ = {isa = PBXFileReference; lastKnownFileType = sourcecode.c.h; path = ViewController.h; sourceTree = "<group>"; };
		16D100C91BFF0C4F008391AF /* ViewController.m */ = {isa = PBXFileReference; lastKnownFileType = sourcecode.c.objc; path = ViewController.m; sourceTree = "<group>"; };
		16D100CC1BFF0C4F008391AF /* Base */ = {isa = PBXFileReference; lastKnownFileType = file.storyboard; name = Base; path = Base.lproj/Main.storyboard; sourceTree = "<group>"; };
		16D100CE1BFF0C4F008391AF /* Assets.xcassets */ = {isa = PBXFileReference; lastKnownFileType = folder.assetcatalog; path = Assets.xcassets; sourceTree = "<group>"; };
		16D100D11BFF0C4F008391AF /* Base */ = {isa = PBXFileReference; lastKnownFileType = file.storyboard; name = Base; path = Base.lproj/LaunchScreen.storyboard; sourceTree = "<group>"; };
		16D100D31BFF0C4F008391AF /* Info.plist */ = {isa = PBXFileReference; lastKnownFileType = text.plist.xml; path = Info.plist; sourceTree = "<group>"; };
		16D100D81BFF0C4F008391AF /* ChatMsgDemoTests.xctest */ = {isa = PBXFileReference; explicitFileType = wrapper.cfbundle; includeInIndex = 0; path = ChatMsgDemoTests.xctest; sourceTree = BUILT_PRODUCTS_DIR; };
		16D100DC1BFF0C4F008391AF /* ChatMsgDemoTests.m */ = {isa = PBXFileReference; lastKnownFileType = sourcecode.c.objc; path = ChatMsgDemoTests.m; sourceTree = "<group>"; };
		16D100DE1BFF0C4F008391AF /* Info.plist */ = {isa = PBXFileReference; lastKnownFileType = text.plist.xml; path = Info.plist; sourceTree = "<group>"; };
		16D100E31BFF0C4F008391AF /* ChatMsgDemoUITests.xctest */ = {isa = PBXFileReference; explicitFileType = wrapper.cfbundle; includeInIndex = 0; path = ChatMsgDemoUITests.xctest; sourceTree = BUILT_PRODUCTS_DIR; };
		16D100E71BFF0C4F008391AF /* ChatMsgDemoUITests.m */ = {isa = PBXFileReference; lastKnownFileType = sourcecode.c.objc; path = ChatMsgDemoUITests.m; sourceTree = "<group>"; };
		16D100E91BFF0C4F008391AF /* Info.plist */ = {isa = PBXFileReference; lastKnownFileType = text.plist.xml; path = Info.plist; sourceTree = "<group>"; };
		16D100F61BFF0CA7008391AF /* MessageCell.h */ = {isa = PBXFileReference; fileEncoding = 4; lastKnownFileType = sourcecode.c.h; path = MessageCell.h; sourceTree = "<group>"; };
		16D100F71BFF0CA7008391AF /* MessageCell.m */ = {isa = PBXFileReference; fileEncoding = 4; lastKnownFileType = sourcecode.c.objc; path = MessageCell.m; sourceTree = "<group>"; };
		16D100F81BFF0CA7008391AF /* MessageLeftCell.xib */ = {isa = PBXFileReference; fileEncoding = 4; lastKnownFileType = file.xib; path = MessageLeftCell.xib; sourceTree = "<group>"; };
		16D100FB1BFF0D6F008391AF /* demo_avatar_cook@2x.png */ = {isa = PBXFileReference; lastKnownFileType = image.png; path = "demo_avatar_cook@2x.png"; sourceTree = "<group>"; };
		16D100FC1BFF0D6F008391AF /* demo_avatar_jobs@2x.png */ = {isa = PBXFileReference; lastKnownFileType = image.png; path = "demo_avatar_jobs@2x.png"; sourceTree = "<group>"; };
		16D101031BFF1452008391AF /* Util.h */ = {isa = PBXFileReference; fileEncoding = 4; lastKnownFileType = sourcecode.c.h; path = Util.h; sourceTree = "<group>"; };
		16D101041BFF1452008391AF /* Util.m */ = {isa = PBXFileReference; fileEncoding = 4; lastKnownFileType = sourcecode.c.objc; path = Util.m; sourceTree = "<group>"; };
		16D1010D1BFF2859008391AF /* MessageRightCell.xib */ = {isa = PBXFileReference; fileEncoding = 4; lastKnownFileType = file.xib; path = MessageRightCell.xib; sourceTree = "<group>"; };
		16E1ACA81C029EF100642DC4 /* RXMLElement.h */ = {isa = PBXFileReference; fileEncoding = 4; lastKnownFileType = sourcecode.c.h; path = RXMLElement.h; sourceTree = "<group>"; };
		16E1ACA91C029EF200642DC4 /* RXMLElement.m */ = {isa = PBXFileReference; fileEncoding = 4; lastKnownFileType = sourcecode.c.objc; path = RXMLElement.m; sourceTree = "<group>"; };
		16E1ACB31C02A09300642DC4 /* arrays.xml */ = {isa = PBXFileReference; fileEncoding = 4; lastKnownFileType = text.xml; path = arrays.xml; sourceTree = "<group>"; };
		16E1ACB41C02A09300642DC4 /* f000.png */ = {isa = PBXFileReference; lastKnownFileType = image.png; path = f000.png; sourceTree = "<group>"; };
		16E1ACB51C02A09300642DC4 /* f001.png */ = {isa = PBXFileReference; lastKnownFileType = image.png; path = f001.png; sourceTree = "<group>"; };
		16E1ACB61C02A09300642DC4 /* f002.png */ = {isa = PBXFileReference; lastKnownFileType = image.png; path = f002.png; sourceTree = "<group>"; };
		16E1ACB71C02A09300642DC4 /* f003.png */ = {isa = PBXFileReference; lastKnownFileType = image.png; path = f003.png; sourceTree = "<group>"; };
		16E1ACB81C02A09300642DC4 /* f004.png */ = {isa = PBXFileReference; lastKnownFileType = image.png; path = f004.png; sourceTree = "<group>"; };
		16E1ACB91C02A09300642DC4 /* f005.png */ = {isa = PBXFileReference; lastKnownFileType = image.png; path = f005.png; sourceTree = "<group>"; };
		16E1ACBA1C02A09300642DC4 /* f006.png */ = {isa = PBXFileReference; lastKnownFileType = image.png; path = f006.png; sourceTree = "<group>"; };
		16E1ACBB1C02A09300642DC4 /* f007.png */ = {isa = PBXFileReference; lastKnownFileType = image.png; path = f007.png; sourceTree = "<group>"; };
		16E1ACBC1C02A09300642DC4 /* f008.png */ = {isa = PBXFileReference; lastKnownFileType = image.png; path = f008.png; sourceTree = "<group>"; };
		16E1ACBD1C02A09300642DC4 /* f009.png */ = {isa = PBXFileReference; lastKnownFileType = image.png; path = f009.png; sourceTree = "<group>"; };
		16E1ACBE1C02A09300642DC4 /* f010.png */ = {isa = PBXFileReference; lastKnownFileType = image.png; path = f010.png; sourceTree = "<group>"; };
		16E1ACBF1C02A09300642DC4 /* f011.png */ = {isa = PBXFileReference; lastKnownFileType = image.png; path = f011.png; sourceTree = "<group>"; };
		16E1ACC01C02A09300642DC4 /* f012.png */ = {isa = PBXFileReference; lastKnownFileType = image.png; path = f012.png; sourceTree = "<group>"; };
		16E1ACC11C02A09300642DC4 /* f013.png */ = {isa = PBXFileReference; lastKnownFileType = image.png; path = f013.png; sourceTree = "<group>"; };
		16E1ACC21C02A09300642DC4 /* f014.png */ = {isa = PBXFileReference; lastKnownFileType = image.png; path = f014.png; sourceTree = "<group>"; };
		16E1ACC31C02A09300642DC4 /* f015.png */ = {isa = PBXFileReference; lastKnownFileType = image.png; path = f015.png; sourceTree = "<group>"; };
		16E1ACC41C02A09300642DC4 /* f016.png */ = {isa = PBXFileReference; lastKnownFileType = image.png; path = f016.png; sourceTree = "<group>"; };
		16E1ACC51C02A09300642DC4 /* f017.png */ = {isa = PBXFileReference; lastKnownFileType = image.png; path = f017.png; sourceTree = "<group>"; };
		16E1ACC61C02A09300642DC4 /* f018.png */ = {isa = PBXFileReference; lastKnownFileType = image.png; path = f018.png; sourceTree = "<group>"; };
		16E1ACC71C02A09300642DC4 /* f019.png */ = {isa = PBXFileReference; lastKnownFileType = image.png; path = f019.png; sourceTree = "<group>"; };
		16E1ACC81C02A09300642DC4 /* f020.png */ = {isa = PBXFileReference; lastKnownFileType = image.png; path = f020.png; sourceTree = "<group>"; };
		16E1ACC91C02A09300642DC4 /* f021.png */ = {isa = PBXFileReference; lastKnownFileType = image.png; path = f021.png; sourceTree = "<group>"; };
		16E1ACCA1C02A09300642DC4 /* f022.png */ = {isa = PBXFileReference; lastKnownFileType = image.png; path = f022.png; sourceTree = "<group>"; };
		16E1ACCB1C02A09300642DC4 /* f023.png */ = {isa = PBXFileReference; lastKnownFileType = image.png; path = f023.png; sourceTree = "<group>"; };
		16E1ACCC1C02A09300642DC4 /* f024.png */ = {isa = PBXFileReference; lastKnownFileType = image.png; path = f024.png; sourceTree = "<group>"; };
		16E1ACCD1C02A09300642DC4 /* f025.png */ = {isa = PBXFileReference; lastKnownFileType = image.png; path = f025.png; sourceTree = "<group>"; };
		16E1ACCE1C02A09300642DC4 /* f026.png */ = {isa = PBXFileReference; lastKnownFileType = image.png; path = f026.png; sourceTree = "<group>"; };
		16E1ACCF1C02A09300642DC4 /* f027.png */ = {isa = PBXFileReference; lastKnownFileType = image.png; path = f027.png; sourceTree = "<group>"; };
		16E1ACD01C02A09300642DC4 /* f028.png */ = {isa = PBXFileReference; lastKnownFileType = image.png; path = f028.png; sourceTree = "<group>"; };
		16E1ACD11C02A09300642DC4 /* f029.png */ = {isa = PBXFileReference; lastKnownFileType = image.png; path = f029.png; sourceTree = "<group>"; };
		16E1ACD21C02A09300642DC4 /* f030.png */ = {isa = PBXFileReference; lastKnownFileType = image.png; path = f030.png; sourceTree = "<group>"; };
		16E1ACD31C02A09300642DC4 /* f031.png */ = {isa = PBXFileReference; lastKnownFileType = image.png; path = f031.png; sourceTree = "<group>"; };
		16E1ACD41C02A09300642DC4 /* f032.png */ = {isa = PBXFileReference; lastKnownFileType = image.png; path = f032.png; sourceTree = "<group>"; };
		16E1ACD51C02A09300642DC4 /* f033.png */ = {isa = PBXFileReference; lastKnownFileType = image.png; path = f033.png; sourceTree = "<group>"; };
		16E1ACD61C02A09300642DC4 /* f034.png */ = {isa = PBXFileReference; lastKnownFileType = image.png; path = f034.png; sourceTree = "<group>"; };
		16E1ACD71C02A09300642DC4 /* f035.png */ = {isa = PBXFileReference; lastKnownFileType = image.png; path = f035.png; sourceTree = "<group>"; };
		16E1ACD81C02A09300642DC4 /* f036.png */ = {isa = PBXFileReference; lastKnownFileType = image.png; path = f036.png; sourceTree = "<group>"; };
		16E1ACD91C02A09300642DC4 /* f037.png */ = {isa = PBXFileReference; lastKnownFileType = image.png; path = f037.png; sourceTree = "<group>"; };
		16E1ACDA1C02A09300642DC4 /* f038.png */ = {isa = PBXFileReference; lastKnownFileType = image.png; path = f038.png; sourceTree = "<group>"; };
		16E1ACDB1C02A09300642DC4 /* f039.png */ = {isa = PBXFileReference; lastKnownFileType = image.png; path = f039.png; sourceTree = "<group>"; };
		16E1ACDC1C02A09300642DC4 /* f040.png */ = {isa = PBXFileReference; lastKnownFileType = image.png; path = f040.png; sourceTree = "<group>"; };
		16E1ACDD1C02A09300642DC4 /* f041.png */ = {isa = PBXFileReference; lastKnownFileType = image.png; path = f041.png; sourceTree = "<group>"; };
		16E1ACDE1C02A09300642DC4 /* f042.png */ = {isa = PBXFileReference; lastKnownFileType = image.png; path = f042.png; sourceTree = "<group>"; };
		16E1ACDF1C02A09300642DC4 /* f043.png */ = {isa = PBXFileReference; lastKnownFileType = image.png; path = f043.png; sourceTree = "<group>"; };
		16E1ACE01C02A09300642DC4 /* f044.png */ = {isa = PBXFileReference; lastKnownFileType = image.png; path = f044.png; sourceTree = "<group>"; };
		16E1ACE11C02A09300642DC4 /* f045.png */ = {isa = PBXFileReference; lastKnownFileType = image.png; path = f045.png; sourceTree = "<group>"; };
		16E1ACE21C02A09300642DC4 /* f046.png */ = {isa = PBXFileReference; lastKnownFileType = image.png; path = f046.png; sourceTree = "<group>"; };
		16E1ACE31C02A09300642DC4 /* f047.png */ = {isa = PBXFileReference; lastKnownFileType = image.png; path = f047.png; sourceTree = "<group>"; };
		16E1ACE41C02A09300642DC4 /* f048.png */ = {isa = PBXFileReference; lastKnownFileType = image.png; path = f048.png; sourceTree = "<group>"; };
		16E1ACE51C02A09300642DC4 /* f049.png */ = {isa = PBXFileReference; lastKnownFileType = image.png; path = f049.png; sourceTree = "<group>"; };
		16E1ACE61C02A09300642DC4 /* f050.png */ = {isa = PBXFileReference; lastKnownFileType = image.png; path = f050.png; sourceTree = "<group>"; };
		16E1ACE71C02A09300642DC4 /* f051.png */ = {isa = PBXFileReference; lastKnownFileType = image.png; path = f051.png; sourceTree = "<group>"; };
		16E1ACE81C02A09300642DC4 /* f052.png */ = {isa = PBXFileReference; lastKnownFileType = image.png; path = f052.png; sourceTree = "<group>"; };
		16E1ACE91C02A09300642DC4 /* f053.png */ = {isa = PBXFileReference; lastKnownFileType = image.png; path = f053.png; sourceTree = "<group>"; };
		16E1ACEA1C02A09300642DC4 /* f054.png */ = {isa = PBXFileReference; lastKnownFileType = image.png; path = f054.png; sourceTree = "<group>"; };
		16E1ACEB1C02A09300642DC4 /* f055.png */ = {isa = PBXFileReference; lastKnownFileType = image.png; path = f055.png; sourceTree = "<group>"; };
		16E1ACEC1C02A09300642DC4 /* f056.png */ = {isa = PBXFileReference; lastKnownFileType = image.png; path = f056.png; sourceTree = "<group>"; };
		16E1ACED1C02A09300642DC4 /* f057.png */ = {isa = PBXFileReference; lastKnownFileType = image.png; path = f057.png; sourceTree = "<group>"; };
		16E1ACEE1C02A09300642DC4 /* f058.png */ = {isa = PBXFileReference; lastKnownFileType = image.png; path = f058.png; sourceTree = "<group>"; };
		16E1ACEF1C02A09300642DC4 /* f059.png */ = {isa = PBXFileReference; lastKnownFileType = image.png; path = f059.png; sourceTree = "<group>"; };
		16E1ACF01C02A09300642DC4 /* f060.png */ = {isa = PBXFileReference; lastKnownFileType = image.png; path = f060.png; sourceTree = "<group>"; };
		16E1ACF11C02A09300642DC4 /* f061.png */ = {isa = PBXFileReference; lastKnownFileType = image.png; path = f061.png; sourceTree = "<group>"; };
		16E1ACF21C02A09300642DC4 /* f062.png */ = {isa = PBXFileReference; lastKnownFileType = image.png; path = f062.png; sourceTree = "<group>"; };
		16E1ACF31C02A09300642DC4 /* f063.png */ = {isa = PBXFileReference; lastKnownFileType = image.png; path = f063.png; sourceTree = "<group>"; };
		16E1ACF41C02A09300642DC4 /* f064.png */ = {isa = PBXFileReference; lastKnownFileType = image.png; path = f064.png; sourceTree = "<group>"; };
		16E1ACF51C02A09300642DC4 /* f065.png */ = {isa = PBXFileReference; lastKnownFileType = image.png; path = f065.png; sourceTree = "<group>"; };
		16E1ACF61C02A09300642DC4 /* f066.png */ = {isa = PBXFileReference; lastKnownFileType = image.png; path = f066.png; sourceTree = "<group>"; };
		16E1ACF71C02A09300642DC4 /* f067.png */ = {isa = PBXFileReference; lastKnownFileType = image.png; path = f067.png; sourceTree = "<group>"; };
		16E1ACF81C02A09300642DC4 /* f068.png */ = {isa = PBXFileReference; lastKnownFileType = image.png; path = f068.png; sourceTree = "<group>"; };
		16E1ACF91C02A09300642DC4 /* f069.png */ = {isa = PBXFileReference; lastKnownFileType = image.png; path = f069.png; sourceTree = "<group>"; };
		16E1ACFA1C02A09300642DC4 /* f070.png */ = {isa = PBXFileReference; lastKnownFileType = image.png; path = f070.png; sourceTree = "<group>"; };
		16E1ACFB1C02A09300642DC4 /* f071.png */ = {isa = PBXFileReference; lastKnownFileType = image.png; path = f071.png; sourceTree = "<group>"; };
		16E1ACFC1C02A09300642DC4 /* f072.png */ = {isa = PBXFileReference; lastKnownFileType = image.png; path = f072.png; sourceTree = "<group>"; };
		16E1ACFD1C02A09300642DC4 /* f073.png */ = {isa = PBXFileReference; lastKnownFileType = image.png; path = f073.png; sourceTree = "<group>"; };
		16E1ACFE1C02A09300642DC4 /* f074.png */ = {isa = PBXFileReference; lastKnownFileType = image.png; path = f074.png; sourceTree = "<group>"; };
		16E1ACFF1C02A09300642DC4 /* f075.png */ = {isa = PBXFileReference; lastKnownFileType = image.png; path = f075.png; sourceTree = "<group>"; };
		16E1AD001C02A09300642DC4 /* f076.png */ = {isa = PBXFileReference; lastKnownFileType = image.png; path = f076.png; sourceTree = "<group>"; };
		16E1AD011C02A09300642DC4 /* f077.png */ = {isa = PBXFileReference; lastKnownFileType = image.png; path = f077.png; sourceTree = "<group>"; };
		16E1AD021C02A09300642DC4 /* f078.png */ = {isa = PBXFileReference; lastKnownFileType = image.png; path = f078.png; sourceTree = "<group>"; };
		16E1AD031C02A09300642DC4 /* f079.png */ = {isa = PBXFileReference; lastKnownFileType = image.png; path = f079.png; sourceTree = "<group>"; };
		16E1AD041C02A09300642DC4 /* f080.png */ = {isa = PBXFileReference; lastKnownFileType = image.png; path = f080.png; sourceTree = "<group>"; };
		16E1AD051C02A09300642DC4 /* f081.png */ = {isa = PBXFileReference; lastKnownFileType = image.png; path = f081.png; sourceTree = "<group>"; };
		16E1AD591C02A0CA00642DC4 /* libxml2.tbd */ = {isa = PBXFileReference; lastKnownFileType = "sourcecode.text-based-dylib-definition"; name = libxml2.tbd; path = usr/lib/libxml2.tbd; sourceTree = SDKROOT; };
		16E1AD5B1C02B8E700642DC4 /* FaceAndText.h */ = {isa = PBXFileReference; fileEncoding = 4; lastKnownFileType = sourcecode.c.h; path = FaceAndText.h; sourceTree = "<group>"; };
		16E1AD5C1C02B8E700642DC4 /* FaceAndText.m */ = {isa = PBXFileReference; fileEncoding = 4; lastKnownFileType = sourcecode.c.objc; path = FaceAndText.m; sourceTree = "<group>"; };
/* End PBXFileReference section */

/* Begin PBXFrameworksBuildPhase section */
		16D100BC1BFF0C4F008391AF /* Frameworks */ = {
			isa = PBXFrameworksBuildPhase;
			buildActionMask = 2147483647;
			files = (
				16E1AD5A1C02A0CA00642DC4 /* libxml2.tbd in Frameworks */,
			);
			runOnlyForDeploymentPostprocessing = 0;
		};
		16D100D51BFF0C4F008391AF /* Frameworks */ = {
			isa = PBXFrameworksBuildPhase;
			buildActionMask = 2147483647;
			files = (
			);
			runOnlyForDeploymentPostprocessing = 0;
		};
		16D100E01BFF0C4F008391AF /* Frameworks */ = {
			isa = PBXFrameworksBuildPhase;
			buildActionMask = 2147483647;
			files = (
			);
			runOnlyForDeploymentPostprocessing = 0;
		};
/* End PBXFrameworksBuildPhase section */

/* Begin PBXGroup section */
		16D100B61BFF0C4F008391AF = {
			isa = PBXGroup;
			children = (
				16E1AD591C02A0CA00642DC4 /* libxml2.tbd */,
				16D100C11BFF0C4F008391AF /* ChatMsgDemo */,
				16D100DB1BFF0C4F008391AF /* ChatMsgDemoTests */,
				16D100E61BFF0C4F008391AF /* ChatMsgDemoUITests */,
				16D100C01BFF0C4F008391AF /* Products */,
			);
			sourceTree = "<group>";
		};
		16D100C01BFF0C4F008391AF /* Products */ = {
			isa = PBXGroup;
			children = (
				16D100BF1BFF0C4F008391AF /* ChatMsgDemo.app */,
				16D100D81BFF0C4F008391AF /* ChatMsgDemoTests.xctest */,
				16D100E31BFF0C4F008391AF /* ChatMsgDemoUITests.xctest */,
			);
			name = Products;
			sourceTree = "<group>";
		};
		16D100C11BFF0C4F008391AF /* ChatMsgDemo */ = {
			isa = PBXGroup;
			children = (
				161D3FDB1C113A1600F8CC05 /* emoji_btn_nomal@2x.png */,
				161D3FDC1C113A1600F8CC05 /* message_add_nomal@2x.png */,
				161D3FDD1C113A1600F8CC05 /* message_add_select@2x.png */,
				16AC5E471C07E9780071AC5F /* a2.jpg */,
				16AC5E481C07E9780071AC5F /* a4.jpg */,
				16E1ACB11C02A06400642DC4 /* faceicon */,
				16D100FB1BFF0D6F008391AF /* demo_avatar_cook@2x.png */,
				16D100FC1BFF0D6F008391AF /* demo_avatar_jobs@2x.png */,
				16D100F51BFF0C75008391AF /* MessageCell */,
				16D100C51BFF0C4F008391AF /* AppDelegate.h */,
				16D100C61BFF0C4F008391AF /* AppDelegate.m */,
				16D100C81BFF0C4F008391AF /* ViewController.h */,
				16D100C91BFF0C4F008391AF /* ViewController.m */,
				16D100CB1BFF0C4F008391AF /* Main.storyboard */,
				16D100CE1BFF0C4F008391AF /* Assets.xcassets */,
				16D100D01BFF0C4F008391AF /* LaunchScreen.storyboard */,
				16D100D31BFF0C4F008391AF /* Info.plist */,
				16D100C21BFF0C4F008391AF /* Supporting Files */,
			);
			path = ChatMsgDemo;
			sourceTree = "<group>";
		};
		16D100C21BFF0C4F008391AF /* Supporting Files */ = {
			isa = PBXGroup;
			children = (
				16D100C31BFF0C4F008391AF /* main.m */,
			);
			name = "Supporting Files";
			sourceTree = "<group>";
		};
		16D100DB1BFF0C4F008391AF /* ChatMsgDemoTests */ = {
			isa = PBXGroup;
			children = (
				16D100DC1BFF0C4F008391AF /* ChatMsgDemoTests.m */,
				16D100DE1BFF0C4F008391AF /* Info.plist */,
			);
			path = ChatMsgDemoTests;
			sourceTree = "<group>";
		};
		16D100E61BFF0C4F008391AF /* ChatMsgDemoUITests */ = {
			isa = PBXGroup;
			children = (
				16D100E71BFF0C4F008391AF /* ChatMsgDemoUITests.m */,
				16D100E91BFF0C4F008391AF /* Info.plist */,
			);
			path = ChatMsgDemoUITests;
			sourceTree = "<group>";
		};
		16D100F51BFF0C75008391AF /* MessageCell */ = {
			isa = PBXGroup;
			children = (
				16E1ACA71C029EF100642DC4 /* RaptureXML */,
				16D100F61BFF0CA7008391AF /* MessageCell.h */,
				16D100F71BFF0CA7008391AF /* MessageCell.m */,
				16D100F81BFF0CA7008391AF /* MessageLeftCell.xib */,
				16D1010D1BFF2859008391AF /* MessageRightCell.xib */,
				16D101031BFF1452008391AF /* Util.h */,
				16D101041BFF1452008391AF /* Util.m */,
				16E1AD5B1C02B8E700642DC4 /* FaceAndText.h */,
				16E1AD5C1C02B8E700642DC4 /* FaceAndText.m */,
				161D3FD91C1138C800F8CC05 /* BottomInputView.xib */,
				161D3FE11C113D3F00F8CC05 /* BottomInputView.h */,
				161D3FE21C113D3F00F8CC05 /* BottomInputView.m */,
			);
			name = MessageCell;
			sourceTree = "<group>";
		};
		16E1ACA71C029EF100642DC4 /* RaptureXML */ = {
			isa = PBXGroup;
			children = (
				16E1ACA81C029EF100642DC4 /* RXMLElement.h */,
				16E1ACA91C029EF200642DC4 /* RXMLElement.m */,
			);
			path = RaptureXML;
			sourceTree = "<group>";
		};
		16E1ACB11C02A06400642DC4 /* faceicon */ = {
			isa = PBXGroup;
			children = (
				16E1ACB21C02A09300642DC4 /* emoji */,
			);
			name = faceicon;
			sourceTree = "<group>";
		};
		16E1ACB21C02A09300642DC4 /* emoji */ = {
			isa = PBXGroup;
			children = (
				16E1ACB31C02A09300642DC4 /* arrays.xml */,
				16E1ACB41C02A09300642DC4 /* f000.png */,
				16E1ACB51C02A09300642DC4 /* f001.png */,
				16E1ACB61C02A09300642DC4 /* f002.png */,
				16E1ACB71C02A09300642DC4 /* f003.png */,
				16E1ACB81C02A09300642DC4 /* f004.png */,
				16E1ACB91C02A09300642DC4 /* f005.png */,
				16E1ACBA1C02A09300642DC4 /* f006.png */,
				16E1ACBB1C02A09300642DC4 /* f007.png */,
				16E1ACBC1C02A09300642DC4 /* f008.png */,
				16E1ACBD1C02A09300642DC4 /* f009.png */,
				16E1ACBE1C02A09300642DC4 /* f010.png */,
				16E1ACBF1C02A09300642DC4 /* f011.png */,
				16E1ACC01C02A09300642DC4 /* f012.png */,
				16E1ACC11C02A09300642DC4 /* f013.png */,
				16E1ACC21C02A09300642DC4 /* f014.png */,
				16E1ACC31C02A09300642DC4 /* f015.png */,
				16E1ACC41C02A09300642DC4 /* f016.png */,
				16E1ACC51C02A09300642DC4 /* f017.png */,
				16E1ACC61C02A09300642DC4 /* f018.png */,
				16E1ACC71C02A09300642DC4 /* f019.png */,
				16E1ACC81C02A09300642DC4 /* f020.png */,
				16E1ACC91C02A09300642DC4 /* f021.png */,
				16E1ACCA1C02A09300642DC4 /* f022.png */,
				16E1ACCB1C02A09300642DC4 /* f023.png */,
				16E1ACCC1C02A09300642DC4 /* f024.png */,
				16E1ACCD1C02A09300642DC4 /* f025.png */,
				16E1ACCE1C02A09300642DC4 /* f026.png */,
				16E1ACCF1C02A09300642DC4 /* f027.png */,
				16E1ACD01C02A09300642DC4 /* f028.png */,
				16E1ACD11C02A09300642DC4 /* f029.png */,
				16E1ACD21C02A09300642DC4 /* f030.png */,
				16E1ACD31C02A09300642DC4 /* f031.png */,
				16E1ACD41C02A09300642DC4 /* f032.png */,
				16E1ACD51C02A09300642DC4 /* f033.png */,
				16E1ACD61C02A09300642DC4 /* f034.png */,
				16E1ACD71C02A09300642DC4 /* f035.png */,
				16E1ACD81C02A09300642DC4 /* f036.png */,
				16E1ACD91C02A09300642DC4 /* f037.png */,
				16E1ACDA1C02A09300642DC4 /* f038.png */,
				16E1ACDB1C02A09300642DC4 /* f039.png */,
				16E1ACDC1C02A09300642DC4 /* f040.png */,
				16E1ACDD1C02A09300642DC4 /* f041.png */,
				16E1ACDE1C02A09300642DC4 /* f042.png */,
				16E1ACDF1C02A09300642DC4 /* f043.png */,
				16E1ACE01C02A09300642DC4 /* f044.png */,
				16E1ACE11C02A09300642DC4 /* f045.png */,
				16E1ACE21C02A09300642DC4 /* f046.png */,
				16E1ACE31C02A09300642DC4 /* f047.png */,
				16E1ACE41C02A09300642DC4 /* f048.png */,
				16E1ACE51C02A09300642DC4 /* f049.png */,
				16E1ACE61C02A09300642DC4 /* f050.png */,
				16E1ACE71C02A09300642DC4 /* f051.png */,
				16E1ACE81C02A09300642DC4 /* f052.png */,
				16E1ACE91C02A09300642DC4 /* f053.png */,
				16E1ACEA1C02A09300642DC4 /* f054.png */,
				16E1ACEB1C02A09300642DC4 /* f055.png */,
				16E1ACEC1C02A09300642DC4 /* f056.png */,
				16E1ACED1C02A09300642DC4 /* f057.png */,
				16E1ACEE1C02A09300642DC4 /* f058.png */,
				16E1ACEF1C02A09300642DC4 /* f059.png */,
				16E1ACF01C02A09300642DC4 /* f060.png */,
				16E1ACF11C02A09300642DC4 /* f061.png */,
				16E1ACF21C02A09300642DC4 /* f062.png */,
				16E1ACF31C02A09300642DC4 /* f063.png */,
				16E1ACF41C02A09300642DC4 /* f064.png */,
				16E1ACF51C02A09300642DC4 /* f065.png */,
				16E1ACF61C02A09300642DC4 /* f066.png */,
				16E1ACF71C02A09300642DC4 /* f067.png */,
				16E1ACF81C02A09300642DC4 /* f068.png */,
				16E1ACF91C02A09300642DC4 /* f069.png */,
				16E1ACFA1C02A09300642DC4 /* f070.png */,
				16E1ACFB1C02A09300642DC4 /* f071.png */,
				16E1ACFC1C02A09300642DC4 /* f072.png */,
				16E1ACFD1C02A09300642DC4 /* f073.png */,
				16E1ACFE1C02A09300642DC4 /* f074.png */,
				16E1ACFF1C02A09300642DC4 /* f075.png */,
				16E1AD001C02A09300642DC4 /* f076.png */,
				16E1AD011C02A09300642DC4 /* f077.png */,
				16E1AD021C02A09300642DC4 /* f078.png */,
				16E1AD031C02A09300642DC4 /* f079.png */,
				16E1AD041C02A09300642DC4 /* f080.png */,
				16E1AD051C02A09300642DC4 /* f081.png */,
			);
			path = emoji;
			sourceTree = "<group>";
		};
/* End PBXGroup section */

/* Begin PBXNativeTarget section */
		16D100BE1BFF0C4F008391AF /* ChatMsgDemo */ = {
			isa = PBXNativeTarget;
			buildConfigurationList = 16D100EC1BFF0C4F008391AF /* Build configuration list for PBXNativeTarget "ChatMsgDemo" */;
			buildPhases = (
				16D100BB1BFF0C4F008391AF /* Sources */,
				16D100BC1BFF0C4F008391AF /* Frameworks */,
				16D100BD1BFF0C4F008391AF /* Resources */,
			);
			buildRules = (
			);
			dependencies = (
			);
			name = ChatMsgDemo;
			productName = ChatMsgDemo;
			productReference = 16D100BF1BFF0C4F008391AF /* ChatMsgDemo.app */;
			productType = "com.apple.product-type.application";
		};
		16D100D71BFF0C4F008391AF /* ChatMsgDemoTests */ = {
			isa = PBXNativeTarget;
			buildConfigurationList = 16D100EF1BFF0C4F008391AF /* Build configuration list for PBXNativeTarget "ChatMsgDemoTests" */;
			buildPhases = (
				16D100D41BFF0C4F008391AF /* Sources */,
				16D100D51BFF0C4F008391AF /* Frameworks */,
				16D100D61BFF0C4F008391AF /* Resources */,
			);
			buildRules = (
			);
			dependencies = (
				16D100DA1BFF0C4F008391AF /* PBXTargetDependency */,
			);
			name = ChatMsgDemoTests;
			productName = ChatMsgDemoTests;
			productReference = 16D100D81BFF0C4F008391AF /* ChatMsgDemoTests.xctest */;
			productType = "com.apple.product-type.bundle.unit-test";
		};
		16D100E21BFF0C4F008391AF /* ChatMsgDemoUITests */ = {
			isa = PBXNativeTarget;
			buildConfigurationList = 16D100F21BFF0C4F008391AF /* Build configuration list for PBXNativeTarget "ChatMsgDemoUITests" */;
			buildPhases = (
				16D100DF1BFF0C4F008391AF /* Sources */,
				16D100E01BFF0C4F008391AF /* Frameworks */,
				16D100E11BFF0C4F008391AF /* Resources */,
			);
			buildRules = (
			);
			dependencies = (
				16D100E51BFF0C4F008391AF /* PBXTargetDependency */,
			);
			name = ChatMsgDemoUITests;
			productName = ChatMsgDemoUITests;
			productReference = 16D100E31BFF0C4F008391AF /* ChatMsgDemoUITests.xctest */;
			productType = "com.apple.product-type.bundle.ui-testing";
		};
/* End PBXNativeTarget section */

/* Begin PBXProject section */
		16D100B71BFF0C4F008391AF /* Project object */ = {
			isa = PBXProject;
			attributes = {
				LastUpgradeCheck = 0710;
				ORGANIZATIONNAME = zhaozihui;
				TargetAttributes = {
					16D100BE1BFF0C4F008391AF = {
						CreatedOnToolsVersion = 7.1.1;
						DevelopmentTeam = P2ZBCBWG56;
					};
					16D100D71BFF0C4F008391AF = {
						CreatedOnToolsVersion = 7.1.1;
						TestTargetID = 16D100BE1BFF0C4F008391AF;
					};
					16D100E21BFF0C4F008391AF = {
						CreatedOnToolsVersion = 7.1.1;
						TestTargetID = 16D100BE1BFF0C4F008391AF;
					};
				};
			};
			buildConfigurationList = 16D100BA1BFF0C4F008391AF /* Build configuration list for PBXProject "ChatMsgDemo" */;
			compatibilityVersion = "Xcode 3.2";
			developmentRegion = English;
			hasScannedForEncodings = 0;
			knownRegions = (
				en,
				Base,
			);
			mainGroup = 16D100B61BFF0C4F008391AF;
			productRefGroup = 16D100C01BFF0C4F008391AF /* Products */;
			projectDirPath = "";
			projectRoot = "";
			targets = (
				16D100BE1BFF0C4F008391AF /* ChatMsgDemo */,
				16D100D71BFF0C4F008391AF /* ChatMsgDemoTests */,
				16D100E21BFF0C4F008391AF /* ChatMsgDemoUITests */,
			);
		};
/* End PBXProject section */

/* Begin PBXResourcesBuildPhase section */
		16D100BD1BFF0C4F008391AF /* Resources */ = {
			isa = PBXResourcesBuildPhase;
			buildActionMask = 2147483647;
			files = (
				16E1AD321C02A09300642DC4 /* f043.png in Resources */,
				16E1AD541C02A09300642DC4 /* f077.png in Resources */,
				16E1AD0B1C02A09300642DC4 /* f004.png in Resources */,
				16E1AD461C02A09300642DC4 /* f063.png in Resources */,
				16E1AD341C02A09300642DC4 /* f045.png in Resources */,
				16E1AD2C1C02A09300642DC4 /* f037.png in Resources */,
				16E1AD521C02A09300642DC4 /* f075.png in Resources */,
				16E1AD2A1C02A09300642DC4 /* f035.png in Resources */,
				16E1AD431C02A09300642DC4 /* f060.png in Resources */,
				16E1AD561C02A09300642DC4 /* f079.png in Resources */,
				16E1AD401C02A09300642DC4 /* f057.png in Resources */,
				16D100FE1BFF0D6F008391AF /* demo_avatar_jobs@2x.png in Resources */,
				16E1AD221C02A09300642DC4 /* f027.png in Resources */,
				16E1AD4D1C02A09300642DC4 /* f070.png in Resources */,
				16E1AD191C02A09300642DC4 /* f018.png in Resources */,
				16E1AD101C02A09300642DC4 /* f009.png in Resources */,
				16E1AD3C1C02A09300642DC4 /* f053.png in Resources */,
				16D100D21BFF0C4F008391AF /* LaunchScreen.storyboard in Resources */,
				16E1AD071C02A09300642DC4 /* f000.png in Resources */,
				16E1AD3A1C02A09300642DC4 /* f051.png in Resources */,
				161D3FDE1C113A1600F8CC05 /* emoji_btn_nomal@2x.png in Resources */,
				16D1010F1BFF2859008391AF /* MessageRightCell.xib in Resources */,
				16E1AD1D1C02A09300642DC4 /* f022.png in Resources */,
				16E1AD4B1C02A09300642DC4 /* f068.png in Resources */,
				16E1AD271C02A09300642DC4 /* f032.png in Resources */,
				16E1AD2B1C02A09300642DC4 /* f036.png in Resources */,
				16E1AD201C02A09300642DC4 /* f025.png in Resources */,
				16E1AD421C02A09300642DC4 /* f059.png in Resources */,
				161D3FDA1C1138C800F8CC05 /* BottomInputView.xib in Resources */,
				16E1AD151C02A09300642DC4 /* f014.png in Resources */,
				16E1AD231C02A09300642DC4 /* f028.png in Resources */,
				16E1AD571C02A09300642DC4 /* f080.png in Resources */,
				16E1AD481C02A09300642DC4 /* f065.png in Resources */,
				16E1AD4C1C02A09300642DC4 /* f069.png in Resources */,
				16E1AD241C02A09300642DC4 /* f029.png in Resources */,
				16E1AD061C02A09300642DC4 /* arrays.xml in Resources */,
				16D100FA1BFF0CA7008391AF /* MessageLeftCell.xib in Resources */,
				16E1AD291C02A09300642DC4 /* f034.png in Resources */,
				16E1AD091C02A09300642DC4 /* f002.png in Resources */,
				16E1AD501C02A09300642DC4 /* f073.png in Resources */,
				16E1AD331C02A09300642DC4 /* f044.png in Resources */,
				16E1AD3F1C02A09300642DC4 /* f056.png in Resources */,
				16E1AD0E1C02A09300642DC4 /* f007.png in Resources */,
				16E1AD081C02A09300642DC4 /* f001.png in Resources */,
				16E1AD121C02A09300642DC4 /* f011.png in Resources */,
				16E1AD181C02A09300642DC4 /* f017.png in Resources */,
				16E1AD0A1C02A09300642DC4 /* f003.png in Resources */,
				16E1AD301C02A09300642DC4 /* f041.png in Resources */,
				16E1AD4E1C02A09300642DC4 /* f071.png in Resources */,
				16E1AD261C02A09300642DC4 /* f031.png in Resources */,
				16E1AD111C02A09300642DC4 /* f010.png in Resources */,
				16E1AD451C02A09300642DC4 /* f062.png in Resources */,
				16E1AD491C02A09300642DC4 /* f066.png in Resources */,
				16D100FD1BFF0D6F008391AF /* demo_avatar_cook@2x.png in Resources */,
				16AC5E491C07E9780071AC5F /* a2.jpg in Resources */,
				16E1AD2E1C02A09300642DC4 /* f039.png in Resources */,
				16E1AD411C02A09300642DC4 /* f058.png in Resources */,
				16E1AD2F1C02A09300642DC4 /* f040.png in Resources */,
				16E1AD171C02A09300642DC4 /* f016.png in Resources */,
				16E1AD581C02A09300642DC4 /* f081.png in Resources */,
				16E1AD3D1C02A09300642DC4 /* f054.png in Resources */,
				16E1AD351C02A09300642DC4 /* f046.png in Resources */,
				16E1AD551C02A09300642DC4 /* f078.png in Resources */,
				16E1AD211C02A09300642DC4 /* f026.png in Resources */,
				16E1AD4A1C02A09300642DC4 /* f067.png in Resources */,
				16E1AD441C02A09300642DC4 /* f061.png in Resources */,
				161D3FE01C113A1600F8CC05 /* message_add_select@2x.png in Resources */,
				16E1AD4F1C02A09300642DC4 /* f072.png in Resources */,
				16E1AD0F1C02A09300642DC4 /* f008.png in Resources */,
				16E1AD251C02A09300642DC4 /* f030.png in Resources */,
				16E1AD2D1C02A09300642DC4 /* f038.png in Resources */,
				16E1AD281C02A09300642DC4 /* f033.png in Resources */,
				16E1AD311C02A09300642DC4 /* f042.png in Resources */,
				16E1AD1B1C02A09300642DC4 /* f020.png in Resources */,
				16E1AD361C02A09300642DC4 /* f047.png in Resources */,
				16E1AD531C02A09300642DC4 /* f076.png in Resources */,
				16E1AD1E1C02A09300642DC4 /* f023.png in Resources */,
				16E1AD381C02A09300642DC4 /* f049.png in Resources */,
				16E1AD0D1C02A09300642DC4 /* f006.png in Resources */,
				16E1AD471C02A09300642DC4 /* f064.png in Resources */,
				16E1AD391C02A09300642DC4 /* f050.png in Resources */,
				16E1AD3B1C02A09300642DC4 /* f052.png in Resources */,
				16D100CF1BFF0C4F008391AF /* Assets.xcassets in Resources */,
				16E1AD0C1C02A09300642DC4 /* f005.png in Resources */,
				16E1AD141C02A09300642DC4 /* f013.png in Resources */,
				16E1AD371C02A09300642DC4 /* f048.png in Resources */,
				16E1AD511C02A09300642DC4 /* f074.png in Resources */,
				16D100CD1BFF0C4F008391AF /* Main.storyboard in Resources */,
				16E1AD1C1C02A09300642DC4 /* f021.png in Resources */,
				16E1AD3E1C02A09300642DC4 /* f055.png in Resources */,
				161D3FDF1C113A1600F8CC05 /* message_add_nomal@2x.png in Resources */,
				16E1AD131C02A09300642DC4 /* f012.png in Resources */,
				16E1AD161C02A09300642DC4 /* f015.png in Resources */,
				16E1AD1A1C02A09300642DC4 /* f019.png in Resources */,
				16AC5E4A1C07E9780071AC5F /* a4.jpg in Resources */,
				16E1AD1F1C02A09300642DC4 /* f024.png in Resources */,
			);
			runOnlyForDeploymentPostprocessing = 0;
		};
		16D100D61BFF0C4F008391AF /* Resources */ = {
			isa = PBXResourcesBuildPhase;
			buildActionMask = 2147483647;
			files = (
			);
			runOnlyForDeploymentPostprocessing = 0;
		};
		16D100E11BFF0C4F008391AF /* Resources */ = {
			isa = PBXResourcesBuildPhase;
			buildActionMask = 2147483647;
			files = (
			);
			runOnlyForDeploymentPostprocessing = 0;
		};
/* End PBXResourcesBuildPhase section */

/* Begin PBXSourcesBuildPhase section */
		16D100BB1BFF0C4F008391AF /* Sources */ = {
			isa = PBXSourcesBuildPhase;
			buildActionMask = 2147483647;
			files = (
				16D101051BFF1452008391AF /* Util.m in Sources */,
				16E1ACAA1C029EF200642DC4 /* RXMLElement.m in Sources */,
				16D100CA1BFF0C4F008391AF /* ViewController.m in Sources */,
				16E1AD5D1C02B8E700642DC4 /* FaceAndText.m in Sources */,
				161D3FE31C113D3F00F8CC05 /* BottomInputView.m in Sources */,
				16D100F91BFF0CA7008391AF /* MessageCell.m in Sources */,
				16D100C71BFF0C4F008391AF /* AppDelegate.m in Sources */,
				16D100C41BFF0C4F008391AF /* main.m in Sources */,
			);
			runOnlyForDeploymentPostprocessing = 0;
		};
		16D100D41BFF0C4F008391AF /* Sources */ = {
			isa = PBXSourcesBuildPhase;
			buildActionMask = 2147483647;
			files = (
				16D100DD1BFF0C4F008391AF /* ChatMsgDemoTests.m in Sources */,
			);
			runOnlyForDeploymentPostprocessing = 0;
		};
		16D100DF1BFF0C4F008391AF /* Sources */ = {
			isa = PBXSourcesBuildPhase;
			buildActionMask = 2147483647;
			files = (
				16D100E81BFF0C4F008391AF /* ChatMsgDemoUITests.m in Sources */,
			);
			runOnlyForDeploymentPostprocessing = 0;
		};
/* End PBXSourcesBuildPhase section */

/* Begin PBXTargetDependency section */
		16D100DA1BFF0C4F008391AF /* PBXTargetDependency */ = {
			isa = PBXTargetDependency;
			target = 16D100BE1BFF0C4F008391AF /* ChatMsgDemo */;
			targetProxy = 16D100D91BFF0C4F008391AF /* PBXContainerItemProxy */;
		};
		16D100E51BFF0C4F008391AF /* PBXTargetDependency */ = {
			isa = PBXTargetDependency;
			target = 16D100BE1BFF0C4F008391AF /* ChatMsgDemo */;
			targetProxy = 16D100E41BFF0C4F008391AF /* PBXContainerItemProxy */;
		};
/* End PBXTargetDependency section */

/* Begin PBXVariantGroup section */
		16D100CB1BFF0C4F008391AF /* Main.storyboard */ = {
			isa = PBXVariantGroup;
			children = (
				16D100CC1BFF0C4F008391AF /* Base */,
			);
			name = Main.storyboard;
			sourceTree = "<group>";
		};
		16D100D01BFF0C4F008391AF /* LaunchScreen.storyboard */ = {
			isa = PBXVariantGroup;
			children = (
				16D100D11BFF0C4F008391AF /* Base */,
			);
			name = LaunchScreen.storyboard;
			sourceTree = "<group>";
		};
/* End PBXVariantGroup section */

/* Begin XCBuildConfiguration section */
		16D100EA1BFF0C4F008391AF /* Debug */ = {
			isa = XCBuildConfiguration;
			buildSettings = {
				ALWAYS_SEARCH_USER_PATHS = NO;
				CLANG_CXX_LANGUAGE_STANDARD = "gnu++0x";
				CLANG_CXX_LIBRARY = "libc++";
				CLANG_ENABLE_MODULES = YES;
				CLANG_ENABLE_OBJC_ARC = YES;
				CLANG_WARN_BOOL_CONVERSION = YES;
				CLANG_WARN_CONSTANT_CONVERSION = YES;
				CLANG_WARN_DIRECT_OBJC_ISA_USAGE = YES_ERROR;
				CLANG_WARN_EMPTY_BODY = YES;
				CLANG_WARN_ENUM_CONVERSION = YES;
				CLANG_WARN_INT_CONVERSION = YES;
				CLANG_WARN_OBJC_ROOT_CLASS = YES_ERROR;
				CLANG_WARN_UNREACHABLE_CODE = YES;
				CLANG_WARN__DUPLICATE_METHOD_MATCH = YES;
				"CODE_SIGN_IDENTITY[sdk=iphoneos*]" = "iPhone Developer";
				COPY_PHASE_STRIP = NO;
				DEBUG_INFORMATION_FORMAT = dwarf;
				ENABLE_STRICT_OBJC_MSGSEND = YES;
				ENABLE_TESTABILITY = YES;
				GCC_C_LANGUAGE_STANDARD = gnu99;
				GCC_DYNAMIC_NO_PIC = NO;
				GCC_NO_COMMON_BLOCKS = YES;
				GCC_OPTIMIZATION_LEVEL = 0;
				GCC_PREPROCESSOR_DEFINITIONS = (
					"DEBUG=1",
					"$(inherited)",
				);
				GCC_WARN_64_TO_32_BIT_CONVERSION = YES;
				GCC_WARN_ABOUT_RETURN_TYPE = YES_ERROR;
				GCC_WARN_UNDECLARED_SELECTOR = YES;
				GCC_WARN_UNINITIALIZED_AUTOS = YES_AGGRESSIVE;
				GCC_WARN_UNUSED_FUNCTION = YES;
				GCC_WARN_UNUSED_VARIABLE = YES;
				IPHONEOS_DEPLOYMENT_TARGET = 9.1;
				MTL_ENABLE_DEBUG_INFO = YES;
				ONLY_ACTIVE_ARCH = YES;
				SDKROOT = iphoneos;
				TARGETED_DEVICE_FAMILY = "1,2";
			};
			name = Debug;
		};
		16D100EB1BFF0C4F008391AF /* Release */ = {
			isa = XCBuildConfiguration;
			buildSettings = {
				ALWAYS_SEARCH_USER_PATHS = NO;
				CLANG_CXX_LANGUAGE_STANDARD = "gnu++0x";
				CLANG_CXX_LIBRARY = "libc++";
				CLANG_ENABLE_MODULES = YES;
				CLANG_ENABLE_OBJC_ARC = YES;
				CLANG_WARN_BOOL_CONVERSION = YES;
				CLANG_WARN_CONSTANT_CONVERSION = YES;
				CLANG_WARN_DIRECT_OBJC_ISA_USAGE = YES_ERROR;
				CLANG_WARN_EMPTY_BODY = YES;
				CLANG_WARN_ENUM_CONVERSION = YES;
				CLANG_WARN_INT_CONVERSION = YES;
				CLANG_WARN_OBJC_ROOT_CLASS = YES_ERROR;
				CLANG_WARN_UNREACHABLE_CODE = YES;
				CLANG_WARN__DUPLICATE_METHOD_MATCH = YES;
				"CODE_SIGN_IDENTITY[sdk=iphoneos*]" = "iPhone Developer";
				COPY_PHASE_STRIP = NO;
				DEBUG_INFORMATION_FORMAT = "dwarf-with-dsym";
				ENABLE_NS_ASSERTIONS = NO;
				ENABLE_STRICT_OBJC_MSGSEND = YES;
				GCC_C_LANGUAGE_STANDARD = gnu99;
				GCC_NO_COMMON_BLOCKS = YES;
				GCC_WARN_64_TO_32_BIT_CONVERSION = YES;
				GCC_WARN_ABOUT_RETURN_TYPE = YES_ERROR;
				GCC_WARN_UNDECLARED_SELECTOR = YES;
				GCC_WARN_UNINITIALIZED_AUTOS = YES_AGGRESSIVE;
				GCC_WARN_UNUSED_FUNCTION = YES;
				GCC_WARN_UNUSED_VARIABLE = YES;
				IPHONEOS_DEPLOYMENT_TARGET = 9.1;
				MTL_ENABLE_DEBUG_INFO = NO;
				SDKROOT = iphoneos;
				TARGETED_DEVICE_FAMILY = "1,2";
				VALIDATE_PRODUCT = YES;
			};
			name = Release;
		};
		16D100ED1BFF0C4F008391AF /* Debug */ = {
			isa = XCBuildConfiguration;
			buildSettings = {
				ASSETCATALOG_COMPILER_APPICON_NAME = AppIcon;
				CODE_SIGN_IDENTITY = "iPhone Developer";
				HEADER_SEARCH_PATHS = /usr/include/libxml2;
				INFOPLIST_FILE = ChatMsgDemo/Info.plist;
				LD_RUNPATH_SEARCH_PATHS = "$(inherited) @executable_path/Frameworks";
				PRODUCT_BUNDLE_IDENTIFIER = gmail.zhaozihui.ChatMsgDemo1;
				PRODUCT_NAME = "$(TARGET_NAME)";
				USER_HEADER_SEARCH_PATHS = "";
			};
			name = Debug;
		};
		16D100EE1BFF0C4F008391AF /* Release */ = {
			isa = XCBuildConfiguration;
			buildSettings = {
				ASSETCATALOG_COMPILER_APPICON_NAME = AppIcon;
				CODE_SIGN_IDENTITY = "iPhone Developer";
				HEADER_SEARCH_PATHS = /usr/include/libxml2;
				INFOPLIST_FILE = ChatMsgDemo/Info.plist;
				LD_RUNPATH_SEARCH_PATHS = "$(inherited) @executable_path/Frameworks";
				PRODUCT_BUNDLE_IDENTIFIER = gmail.zhaozihui.ChatMsgDemo1;
				PRODUCT_NAME = "$(TARGET_NAME)";
				USER_HEADER_SEARCH_PATHS = "";
			};
			name = Release;
		};
		16D100F01BFF0C4F008391AF /* Debug */ = {
			isa = XCBuildConfiguration;
			buildSettings = {
				BUNDLE_LOADER = "$(TEST_HOST)";
				INFOPLIST_FILE = ChatMsgDemoTests/Info.plist;
				LD_RUNPATH_SEARCH_PATHS = "$(inherited) @executable_path/Frameworks @loader_path/Frameworks";
				PRODUCT_BUNDLE_IDENTIFIER = gmail.zhaozihui.ChatMsgDemoTests;
				PRODUCT_NAME = "$(TARGET_NAME)";
				TEST_HOST = "$(BUILT_PRODUCTS_DIR)/ChatMsgDemo.app/ChatMsgDemo";
			};
			name = Debug;
		};
		16D100F11BFF0C4F008391AF /* Release */ = {
			isa = XCBuildConfiguration;
			buildSettings = {
				BUNDLE_LOADER = "$(TEST_HOST)";
				INFOPLIST_FILE = ChatMsgDemoTests/Info.plist;
				LD_RUNPATH_SEARCH_PATHS = "$(inherited) @executable_path/Frameworks @loader_path/Frameworks";
				PRODUCT_BUNDLE_IDENTIFIER = gmail.zhaozihui.ChatMsgDemoTests;
				PRODUCT_NAME = "$(TARGET_NAME)";
				TEST_HOST = "$(BUILT_PRODUCTS_DIR)/ChatMsgDemo.app/ChatMsgDemo";
			};
			name = Release;
		};
		16D100F31BFF0C4F008391AF /* Debug */ = {
			isa = XCBuildConfiguration;
			buildSettings = {
				INFOPLIST_FILE = ChatMsgDemoUITests/Info.plist;
				LD_RUNPATH_SEARCH_PATHS = "$(inherited) @executable_path/Frameworks @loader_path/Frameworks";
				PRODUCT_BUNDLE_IDENTIFIER = gmail.zhaozihui.ChatMsgDemoUITests;
				PRODUCT_NAME = "$(TARGET_NAME)";
				TEST_TARGET_NAME = ChatMsgDemo;
				USES_XCTRUNNER = YES;
			};
			name = Debug;
		};
		16D100F41BFF0C4F008391AF /* Release */ = {
			isa = XCBuildConfiguration;
			buildSettings = {
				INFOPLIST_FILE = ChatMsgDemoUITests/Info.plist;
				LD_RUNPATH_SEARCH_PATHS = "$(inherited) @executable_path/Frameworks @loader_path/Frameworks";
				PRODUCT_BUNDLE_IDENTIFIER = gmail.zhaozihui.ChatMsgDemoUITests;
				PRODUCT_NAME = "$(TARGET_NAME)";
				TEST_TARGET_NAME = ChatMsgDemo;
				USES_XCTRUNNER = YES;
			};
			name = Release;
		};
/* End XCBuildConfiguration section */

/* Begin XCConfigurationList section */
		16D100BA1BFF0C4F008391AF /* Build configuration list for PBXProject "ChatMsgDemo" */ = {
			isa = XCConfigurationList;
			buildConfigurations = (
				16D100EA1BFF0C4F008391AF /* Debug */,
				16D100EB1BFF0C4F008391AF /* Release */,
			);
			defaultConfigurationIsVisible = 0;
			defaultConfigurationName = Release;
		};
		16D100EC1BFF0C4F008391AF /* Build configuration list for PBXNativeTarget "ChatMsgDemo" */ = {
			isa = XCConfigurationList;
			buildConfigurations = (
				16D100ED1BFF0C4F008391AF /* Debug */,
				16D100EE1BFF0C4F008391AF /* Release */,
			);
			defaultConfigurationIsVisible = 0;
			defaultConfigurationName = Release;
		};
		16D100EF1BFF0C4F008391AF /* Build configuration list for PBXNativeTarget "ChatMsgDemoTests" */ = {
			isa = XCConfigurationList;
			buildConfigurations = (
				16D100F01BFF0C4F008391AF /* Debug */,
				16D100F11BFF0C4F008391AF /* Release */,
			);
			defaultConfigurationIsVisible = 0;
			defaultConfigurationName = Release;
		};
		16D100F21BFF0C4F008391AF /* Build configuration list for PBXNativeTarget "ChatMsgDemoUITests" */ = {
			isa = XCConfigurationList;
			buildConfigurations = (
				16D100F31BFF0C4F008391AF /* Debug */,
				16D100F41BFF0C4F008391AF /* Release */,
			);
			defaultConfigurationIsVisible = 0;
			defaultConfigurationName = Release;
		};
/* End XCConfigurationList section */
	};
	rootObject = 16D100B71BFF0C4F008391AF /* Project object */;
}
